// !$*UTF8*$!
{
	archiveVersion = 1;
	classes = {
	};
	objectVersion = 50;
	objects = {

/* Begin PBXBuildFile section */
		E23225ED220A0B74005278D4 /* Main.storyboard in Resources */ = {isa = PBXBuildFile; fileRef = E23225EB220A0B74005278D4 /* Main.storyboard */; };
		E23225EF220A0B7F005278D4 /* Assets.xcassets in Resources */ = {isa = PBXBuildFile; fileRef = E23225EE220A0B7F005278D4 /* Assets.xcassets */; };
		E23225F2220A0B7F005278D4 /* LaunchScreen.storyboard in Resources */ = {isa = PBXBuildFile; fileRef = E23225F0220A0B7F005278D4 /* LaunchScreen.storyboard */; };
		E23225FC220A1765005278D4 /* WeatherForecastViewController.swift in Sources */ = {isa = PBXBuildFile; fileRef = E23225FB220A1765005278D4 /* WeatherForecastViewController.swift */; };
		E24B49EB22166DEB0048C5C7 /* AppDelegate.swift in Sources */ = {isa = PBXBuildFile; fileRef = E24B49EA22166DEB0048C5C7 /* AppDelegate.swift */; };
		E2A63DBC222129940015166A /* ColourExtensions.swift in Sources */ = {isa = PBXBuildFile; fileRef = E2A63DBB222129940015166A /* ColourExtensions.swift */; };
		E2B294B9220CC5B0004401EB /* Weather.swift in Sources */ = {isa = PBXBuildFile; fileRef = E2B294B8220CC5B0004401EB /* Weather.swift */; };
		E2B294BB220CC6A3004401EB /* ForecastWeather.swift in Sources */ = {isa = PBXBuildFile; fileRef = E2B294BA220CC6A3004401EB /* ForecastWeather.swift */; };
		E2B294BE220CD206004401EB /* OpenWeatherMapAPI.swift in Sources */ = {isa = PBXBuildFile; fileRef = E2B294BD220CD206004401EB /* OpenWeatherMapAPI.swift */; };
		E2B294C0220CD3B9004401EB /* FiveDayForecastWeather.swift in Sources */ = {isa = PBXBuildFile; fileRef = E2B294BF220CD3B9004401EB /* FiveDayForecastWeather.swift */; };
		E2B294C2220CD51A004401EB /* WeatherStore.swift in Sources */ = {isa = PBXBuildFile; fileRef = E2B294C1220CD51A004401EB /* WeatherStore.swift */; };
		E2C855FB220DAB6A00F2E092 /* ForecastWeatherCell.swift in Sources */ = {isa = PBXBuildFile; fileRef = E2C855FA220DAB6A00F2E092 /* ForecastWeatherCell.swift */; };
		E2C855FE220DADCB00F2E092 /* ForecastTableViewCell.swift in Sources */ = {isa = PBXBuildFile; fileRef = E2C855FD220DADCB00F2E092 /* ForecastTableViewCell.swift */; };
		E2FC62BB2213C1D500ACA21E /* CurrentWeather.swift in Sources */ = {isa = PBXBuildFile; fileRef = E2FC62BA2213C1D500ACA21E /* CurrentWeather.swift */; };
		E2FE6F152231A8DE00C3CEAB /* ImageExtension.swift in Sources */ = {isa = PBXBuildFile; fileRef = E2FE6F142231A8DE00C3CEAB /* ImageExtension.swift */; };
/* End PBXBuildFile section */

/* Begin PBXFileReference section */
		E23225E4220A0B74005278D4 /* WeatherForecast.app */ = {isa = PBXFileReference; explicitFileType = wrapper.application; includeInIndex = 0; path = WeatherForecast.app; sourceTree = BUILT_PRODUCTS_DIR; };
		E23225EC220A0B74005278D4 /* Base */ = {isa = PBXFileReference; lastKnownFileType = file.storyboard; name = Base; path = Base.lproj/Main.storyboard; sourceTree = "<group>"; };
		E23225EE220A0B7F005278D4 /* Assets.xcassets */ = {isa = PBXFileReference; lastKnownFileType = folder.assetcatalog; path = Assets.xcassets; sourceTree = "<group>"; };
		E23225F1220A0B7F005278D4 /* Base */ = {isa = PBXFileReference; lastKnownFileType = file.storyboard; name = Base; path = Base.lproj/LaunchScreen.storyboard; sourceTree = "<group>"; };
		E23225F3220A0B7F005278D4 /* Info.plist */ = {isa = PBXFileReference; lastKnownFileType = text.plist.xml; path = Info.plist; sourceTree = "<group>"; };
		E23225FB220A1765005278D4 /* WeatherForecastViewController.swift */ = {isa = PBXFileReference; lastKnownFileType = sourcecode.swift; path = WeatherForecastViewController.swift; sourceTree = "<group>"; };
		E24B49EA22166DEB0048C5C7 /* AppDelegate.swift */ = {isa = PBXFileReference; fileEncoding = 4; lastKnownFileType = sourcecode.swift; path = AppDelegate.swift; sourceTree = "<group>"; };
		E2A63DBB222129940015166A /* ColourExtensions.swift */ = {isa = PBXFileReference; lastKnownFileType = sourcecode.swift; path = ColourExtensions.swift; sourceTree = "<group>"; };
		E2B294B8220CC5B0004401EB /* Weather.swift */ = {isa = PBXFileReference; lastKnownFileType = sourcecode.swift; path = Weather.swift; sourceTree = "<group>"; };
		E2B294BA220CC6A3004401EB /* ForecastWeather.swift */ = {isa = PBXFileReference; lastKnownFileType = sourcecode.swift; path = ForecastWeather.swift; sourceTree = "<group>"; };
		E2B294BD220CD206004401EB /* OpenWeatherMapAPI.swift */ = {isa = PBXFileReference; lastKnownFileType = sourcecode.swift; path = OpenWeatherMapAPI.swift; sourceTree = "<group>"; };
		E2B294BF220CD3B9004401EB /* FiveDayForecastWeather.swift */ = {isa = PBXFileReference; lastKnownFileType = sourcecode.swift; path = FiveDayForecastWeather.swift; sourceTree = "<group>"; };
		E2B294C1220CD51A004401EB /* WeatherStore.swift */ = {isa = PBXFileReference; lastKnownFileType = sourcecode.swift; path = WeatherStore.swift; sourceTree = "<group>"; };
		E2C855FA220DAB6A00F2E092 /* ForecastWeatherCell.swift */ = {isa = PBXFileReference; lastKnownFileType = sourcecode.swift; path = ForecastWeatherCell.swift; sourceTree = "<group>"; };
		E2C855FD220DADCB00F2E092 /* ForecastTableViewCell.swift */ = {isa = PBXFileReference; lastKnownFileType = sourcecode.swift; path = ForecastTableViewCell.swift; sourceTree = "<group>"; };
		E2FC62BA2213C1D500ACA21E /* CurrentWeather.swift */ = {isa = PBXFileReference; lastKnownFileType = sourcecode.swift; path = CurrentWeather.swift; sourceTree = "<group>"; };
		E2FE6F142231A8DE00C3CEAB /* ImageExtension.swift */ = {isa = PBXFileReference; lastKnownFileType = sourcecode.swift; path = ImageExtension.swift; sourceTree = "<group>"; };
/* End PBXFileReference section */

/* Begin PBXFrameworksBuildPhase section */
		E23225E1220A0B74005278D4 /* Frameworks */ = {
			isa = PBXFrameworksBuildPhase;
			buildActionMask = 2147483647;
			files = (
			);
			runOnlyForDeploymentPostprocessing = 0;
		};
/* End PBXFrameworksBuildPhase section */

/* Begin PBXGroup section */
		E23225DB220A0B73005278D4 = {
			isa = PBXGroup;
			children = (
				E23225E6220A0B74005278D4 /* WeatherForecast */,
				E23225E5220A0B74005278D4 /* Products */,
			);
			sourceTree = "<group>";
		};
		E23225E5220A0B74005278D4 /* Products */ = {
			isa = PBXGroup;
			children = (
				E23225E4220A0B74005278D4 /* WeatherForecast.app */,
			);
			name = Products;
			sourceTree = "<group>";
		};
		E23225E6220A0B74005278D4 /* WeatherForecast */ = {
			isa = PBXGroup;
			children = (
				E2A63DB8222128220015166A /* Extensions */,
				E2C855FC220DADB800F2E092 /* Views */,
				E2B294C3220CD669004401EB /* View Controllers */,
				E2B294BC220CC6E1004401EB /* Models */,
				E2B294B7220CC3ED004401EB /* Networking */,
				E23225EB220A0B74005278D4 /* Main.storyboard */,
				E24B49EA22166DEB0048C5C7 /* AppDelegate.swift */,
				E23225EE220A0B7F005278D4 /* Assets.xcassets */,
				E23225F0220A0B7F005278D4 /* LaunchScreen.storyboard */,
				E23225F3220A0B7F005278D4 /* Info.plist */,
			);
			path = WeatherForecast;
			sourceTree = "<group>";
		};
		E2A63DB8222128220015166A /* Extensions */ = {
			isa = PBXGroup;
			children = (
				E2A63DBB222129940015166A /* ColourExtensions.swift */,
				E2FE6F142231A8DE00C3CEAB /* ImageExtension.swift */,
			);
			path = Extensions;
			sourceTree = "<group>";
		};
		E2B294B7220CC3ED004401EB /* Networking */ = {
			isa = PBXGroup;
			children = (
				E2B294B8220CC5B0004401EB /* Weather.swift */,
				E2B294BA220CC6A3004401EB /* ForecastWeather.swift */,
				E2B294BD220CD206004401EB /* OpenWeatherMapAPI.swift */,
				E2B294C1220CD51A004401EB /* WeatherStore.swift */,
			);
			path = Networking;
			sourceTree = "<group>";
		};
		E2B294BC220CC6E1004401EB /* Models */ = {
			isa = PBXGroup;
			children = (
				E2B294BF220CD3B9004401EB /* FiveDayForecastWeather.swift */,
				E2C855FA220DAB6A00F2E092 /* ForecastWeatherCell.swift */,
				E2FC62BA2213C1D500ACA21E /* CurrentWeather.swift */,
			);
			path = Models;
			sourceTree = "<group>";
		};
		E2B294C3220CD669004401EB /* View Controllers */ = {
			isa = PBXGroup;
			children = (
				E23225FB220A1765005278D4 /* WeatherForecastViewController.swift */,
			);
			path = "View Controllers";
			sourceTree = "<group>";
		};
		E2C855FC220DADB800F2E092 /* Views */ = {
			isa = PBXGroup;
			children = (
				E2C855FD220DADCB00F2E092 /* ForecastTableViewCell.swift */,
			);
			path = Views;
			sourceTree = "<group>";
		};
/* End PBXGroup section */

/* Begin PBXNativeTarget section */
		E23225E3220A0B74005278D4 /* WeatherForecast */ = {
			isa = PBXNativeTarget;
			buildConfigurationList = E23225F6220A0B7F005278D4 /* Build configuration list for PBXNativeTarget "WeatherForecast" */;
			buildPhases = (
				E23225E0220A0B74005278D4 /* Sources */,
				E23225E1220A0B74005278D4 /* Frameworks */,
				E23225E2220A0B74005278D4 /* Resources */,
			);
			buildRules = (
			);
			dependencies = (
			);
			name = WeatherForecast;
			productName = WeatherForecast;
			productReference = E23225E4220A0B74005278D4 /* WeatherForecast.app */;
			productType = "com.apple.product-type.application";
		};
/* End PBXNativeTarget section */

/* Begin PBXProject section */
		E23225DC220A0B74005278D4 /* Project object */ = {
			isa = PBXProject;
			attributes = {
				LastSwiftUpdateCheck = 1010;
				LastUpgradeCheck = 1010;
				ORGANIZATIONNAME = aobakwesegone;
				TargetAttributes = {
					E23225E3220A0B74005278D4 = {
						CreatedOnToolsVersion = 10.1;
					};
				};
			};
			buildConfigurationList = E23225DF220A0B74005278D4 /* Build configuration list for PBXProject "WeatherForecast" */;
			compatibilityVersion = "Xcode 9.3";
			developmentRegion = en;
			hasScannedForEncodings = 0;
			knownRegions = (
				en,
				Base,
			);
			mainGroup = E23225DB220A0B73005278D4;
			productRefGroup = E23225E5220A0B74005278D4 /* Products */;
			projectDirPath = "";
			projectRoot = "";
			targets = (
				E23225E3220A0B74005278D4 /* WeatherForecast */,
			);
		};
/* End PBXProject section */

/* Begin PBXResourcesBuildPhase section */
		E23225E2220A0B74005278D4 /* Resources */ = {
			isa = PBXResourcesBuildPhase;
			buildActionMask = 2147483647;
			files = (
				E23225F2220A0B7F005278D4 /* LaunchScreen.storyboard in Resources */,
				E23225EF220A0B7F005278D4 /* Assets.xcassets in Resources */,
				E23225ED220A0B74005278D4 /* Main.storyboard in Resources */,
			);
			runOnlyForDeploymentPostprocessing = 0;
		};
/* End PBXResourcesBuildPhase section */

/* Begin PBXSourcesBuildPhase section */
		E23225E0220A0B74005278D4 /* Sources */ = {
			isa = PBXSourcesBuildPhase;
			buildActionMask = 2147483647;
			files = (
				E24B49EB22166DEB0048C5C7 /* AppDelegate.swift in Sources */,
				E23225FC220A1765005278D4 /* WeatherForecastViewController.swift in Sources */,
				E2B294B9220CC5B0004401EB /* Weather.swift in Sources */,
				E2C855FB220DAB6A00F2E092 /* ForecastWeatherCell.swift in Sources */,
				E2B294BB220CC6A3004401EB /* ForecastWeather.swift in Sources */,
				E2B294C2220CD51A004401EB /* WeatherStore.swift in Sources */,
				E2FC62BB2213C1D500ACA21E /* CurrentWeather.swift in Sources */,
				E2FE6F152231A8DE00C3CEAB /* ImageExtension.swift in Sources */,
				E2C855FE220DADCB00F2E092 /* ForecastTableViewCell.swift in Sources */,
				E2B294BE220CD206004401EB /* OpenWeatherMapAPI.swift in Sources */,
				E2A63DBC222129940015166A /* ColourExtensions.swift in Sources */,
				E2B294C0220CD3B9004401EB /* FiveDayForecastWeather.swift in Sources */,
			);
			runOnlyForDeploymentPostprocessing = 0;
		};
/* End PBXSourcesBuildPhase section */

/* Begin PBXVariantGroup section */
		E23225EB220A0B74005278D4 /* Main.storyboard */ = {
			isa = PBXVariantGroup;
			children = (
				E23225EC220A0B74005278D4 /* Base */,
			);
			name = Main.storyboard;
			sourceTree = "<group>";
		};
		E23225F0220A0B7F005278D4 /* LaunchScreen.storyboard */ = {
			isa = PBXVariantGroup;
			children = (
				E23225F1220A0B7F005278D4 /* Base */,
			);
			name = LaunchScreen.storyboard;
			sourceTree = "<group>";
		};
/* End PBXVariantGroup section */

/* Begin XCBuildConfiguration section */
		E23225F4220A0B7F005278D4 /* Debug */ = {
			isa = XCBuildConfiguration;
			buildSettings = {
				ALWAYS_SEARCH_USER_PATHS = NO;
				CLANG_ANALYZER_NONNULL = YES;
				CLANG_ANALYZER_NUMBER_OBJECT_CONVERSION = YES_AGGRESSIVE;
				CLANG_CXX_LANGUAGE_STANDARD = "gnu++14";
				CLANG_CXX_LIBRARY = "libc++";
				CLANG_ENABLE_MODULES = YES;
				CLANG_ENABLE_OBJC_ARC = YES;
				CLANG_ENABLE_OBJC_WEAK = YES;
				CLANG_WARN_BLOCK_CAPTURE_AUTORELEASING = YES;
				CLANG_WARN_BOOL_CONVERSION = YES;
				CLANG_WARN_COMMA = YES;
				CLANG_WARN_CONSTANT_CONVERSION = YES;
				CLANG_WARN_DEPRECATED_OBJC_IMPLEMENTATIONS = YES;
				CLANG_WARN_DIRECT_OBJC_ISA_USAGE = YES_ERROR;
				CLANG_WARN_DOCUMENTATION_COMMENTS = YES;
				CLANG_WARN_EMPTY_BODY = YES;
				CLANG_WARN_ENUM_CONVERSION = YES;
				CLANG_WARN_INFINITE_RECURSION = YES;
				CLANG_WARN_INT_CONVERSION = YES;
				CLANG_WARN_NON_LITERAL_NULL_CONVERSION = YES;
				CLANG_WARN_OBJC_IMPLICIT_RETAIN_SELF = YES;
				CLANG_WARN_OBJC_LITERAL_CONVERSION = YES;
				CLANG_WARN_OBJC_ROOT_CLASS = YES_ERROR;
				CLANG_WARN_RANGE_LOOP_ANALYSIS = YES;
				CLANG_WARN_STRICT_PROTOTYPES = YES;
				CLANG_WARN_SUSPICIOUS_MOVE = YES;
				CLANG_WARN_UNGUARDED_AVAILABILITY = YES_AGGRESSIVE;
				CLANG_WARN_UNREACHABLE_CODE = YES;
				CLANG_WARN__DUPLICATE_METHOD_MATCH = YES;
				CODE_SIGN_IDENTITY = "iPhone Developer";
				COPY_PHASE_STRIP = NO;
				DEBUG_INFORMATION_FORMAT = dwarf;
				ENABLE_STRICT_OBJC_MSGSEND = YES;
				ENABLE_TESTABILITY = YES;
				GCC_C_LANGUAGE_STANDARD = gnu11;
				GCC_DYNAMIC_NO_PIC = NO;
				GCC_NO_COMMON_BLOCKS = YES;
				GCC_OPTIMIZATION_LEVEL = 0;
				GCC_PREPROCESSOR_DEFINITIONS = (
					"DEBUG=1",
					"$(inherited)",
				);
				GCC_WARN_64_TO_32_BIT_CONVERSION = YES;
				GCC_WARN_ABOUT_RETURN_TYPE = YES_ERROR;
				GCC_WARN_UNDECLARED_SELECTOR = YES;
				GCC_WARN_UNINITIALIZED_AUTOS = YES_AGGRESSIVE;
				GCC_WARN_UNUSED_FUNCTION = YES;
				GCC_WARN_UNUSED_VARIABLE = YES;
				IPHONEOS_DEPLOYMENT_TARGET = 12.1;
				MTL_ENABLE_DEBUG_INFO = INCLUDE_SOURCE;
				MTL_FAST_MATH = YES;
				ONLY_ACTIVE_ARCH = YES;
				SDKROOT = iphoneos;
				SWIFT_ACTIVE_COMPILATION_CONDITIONS = DEBUG;
				SWIFT_OPTIMIZATION_LEVEL = "-Onone";
			};
			name = Debug;
		};
		E23225F5220A0B7F005278D4 /* Release */ = {
			isa = XCBuildConfiguration;
			buildSettings = {
				ALWAYS_SEARCH_USER_PATHS = NO;
				CLANG_ANALYZER_NONNULL = YES;
				CLANG_ANALYZER_NUMBER_OBJECT_CONVERSION = YES_AGGRESSIVE;
				CLANG_CXX_LANGUAGE_STANDARD = "gnu++14";
				CLANG_CXX_LIBRARY = "libc++";
				CLANG_ENABLE_MODULES = YES;
				CLANG_ENABLE_OBJC_ARC = YES;
				CLANG_ENABLE_OBJC_WEAK = YES;
				CLANG_WARN_BLOCK_CAPTURE_AUTORELEASING = YES;
				CLANG_WARN_BOOL_CONVERSION = YES;
				CLANG_WARN_COMMA = YES;
				CLANG_WARN_CONSTANT_CONVERSION = YES;
				CLANG_WARN_DEPRECATED_OBJC_IMPLEMENTATIONS = YES;
				CLANG_WARN_DIRECT_OBJC_ISA_USAGE = YES_ERROR;
				CLANG_WARN_DOCUMENTATION_COMMENTS = YES;
				CLANG_WARN_EMPTY_BODY = YES;
				CLANG_WARN_ENUM_CONVERSION = YES;
				CLANG_WARN_INFINITE_RECURSION = YES;
				CLANG_WARN_INT_CONVERSION = YES;
				CLANG_WARN_NON_LITERAL_NULL_CONVERSION = YES;
				CLANG_WARN_OBJC_IMPLICIT_RETAIN_SELF = YES;
				CLANG_WARN_OBJC_LITERAL_CONVERSION = YES;
				CLANG_WARN_OBJC_ROOT_CLASS = YES_ERROR;
				CLANG_WARN_RANGE_LOOP_ANALYSIS = YES;
				CLANG_WARN_STRICT_PROTOTYPES = YES;
				CLANG_WARN_SUSPICIOUS_MOVE = YES;
				CLANG_WARN_UNGUARDED_AVAILABILITY = YES_AGGRESSIVE;
				CLANG_WARN_UNREACHABLE_CODE = YES;
				CLANG_WARN__DUPLICATE_METHOD_MATCH = YES;
				CODE_SIGN_IDENTITY = "iPhone Developer";
				COPY_PHASE_STRIP = NO;
				DEBUG_INFORMATION_FORMAT = "dwarf-with-dsym";
				ENABLE_NS_ASSERTIONS = NO;
				ENABLE_STRICT_OBJC_MSGSEND = YES;
				GCC_C_LANGUAGE_STANDARD = gnu11;
				GCC_NO_COMMON_BLOCKS = YES;
				GCC_WARN_64_TO_32_BIT_CONVERSION = YES;
				GCC_WARN_ABOUT_RETURN_TYPE = YES_ERROR;
				GCC_WARN_UNDECLARED_SELECTOR = YES;
				GCC_WARN_UNINITIALIZED_AUTOS = YES_AGGRESSIVE;
				GCC_WARN_UNUSED_FUNCTION = YES;
				GCC_WARN_UNUSED_VARIABLE = YES;
				IPHONEOS_DEPLOYMENT_TARGET = 12.1;
				MTL_ENABLE_DEBUG_INFO = NO;
				MTL_FAST_MATH = YES;
				SDKROOT = iphoneos;
				SWIFT_COMPILATION_MODE = wholemodule;
				SWIFT_OPTIMIZATION_LEVEL = "-O";
				VALIDATE_PRODUCT = YES;
			};
			name = Release;
		};
		E23225F7220A0B7F005278D4 /* Debug */ = {
			isa = XCBuildConfiguration;
			buildSettings = {
				ASSETCATALOG_COMPILER_APPICON_NAME = AppIcon;
				CODE_SIGN_IDENTITY = "iPhone Developer";
				CODE_SIGN_STYLE = Automatic;
				DEVELOPMENT_TEAM = 958MSQTU32;
				INFOPLIST_FILE = WeatherForecast/Info.plist;
				IPHONEOS_DEPLOYMENT_TARGET = 11.0;
				LD_RUNPATH_SEARCH_PATHS = (
					"$(inherited)",
					"@executable_path/Frameworks",
				);
				PRODUCT_BUNDLE_IDENTIFIER = com.aobakwesegone.WeatherForecast;
				PRODUCT_NAME = "$(TARGET_NAME)";
				PROVISIONING_PROFILE_SPECIFIER = "";
				SWIFT_VERSION = 4.2;
				TARGETED_DEVICE_FAMILY = 1;
			};
			name = Debug;
		};
		E23225F8220A0B7F005278D4 /* Release */ = {
			isa = XCBuildConfiguration;
			buildSettings = {
				ASSETCATALOG_COMPILER_APPICON_NAME = AppIcon;
				CODE_SIGN_IDENTITY = "iPhone Developer";
				CODE_SIGN_STYLE = Automatic;
				DEVELOPMENT_TEAM = 958MSQTU32;
				INFOPLIST_FILE = WeatherForecast/Info.plist;
				IPHONEOS_DEPLOYMENT_TARGET = 11.0;
				LD_RUNPATH_SEARCH_PATHS = (
					"$(inherited)",
					"@executable_path/Frameworks",
				);
				PRODUCT_BUNDLE_IDENTIFIER = com.aobakwesegone.WeatherForecast;
				PRODUCT_NAME = "$(TARGET_NAME)";
				PROVISIONING_PROFILE_SPECIFIER = "";
				SWIFT_VERSION = 4.2;
				TARGETED_DEVICE_FAMILY = 1;
			};
			name = Release;
		};
/* End XCBuildConfiguration section */

/* Begin XCConfigurationList section */
		E23225DF220A0B74005278D4 /* Build configuration list for PBXProject "WeatherForecast" */ = {
			isa = XCConfigurationList;
			buildConfigurations = (
				E23225F4220A0B7F005278D4 /* Debug */,
				E23225F5220A0B7F005278D4 /* Release */,
			);
			defaultConfigurationIsVisible = 0;
			defaultConfigurationName = Release;
		};
		E23225F6220A0B7F005278D4 /* Build configuration list for PBXNativeTarget "WeatherForecast" */ = {
			isa = XCConfigurationList;
			buildConfigurations = (
				E23225F7220A0B7F005278D4 /* Debug */,
				E23225F8220A0B7F005278D4 /* Release */,
			);
			defaultConfigurationIsVisible = 0;
			defaultConfigurationName = Release;
		};
/* End XCConfigurationList section */
	};
	rootObject = E23225DC220A0B74005278D4 /* Project object */;
}
